// !$*UTF8*$!
{
	archiveVersion = 1;
	classes = {
	};
	objectVersion = 46;
	objects = {

/* Begin PBXBuildFile section */
		414EF9D21EEB303F00D3DBAB /* Forecast.swift in Sources */ = {isa = PBXBuildFile; fileRef = 414EF9D11EEB303F00D3DBAB /* Forecast.swift */; };
		414EF9D41EEB3FBF00D3DBAB /* WeatherCell.swift in Sources */ = {isa = PBXBuildFile; fileRef = 414EF9D31EEB3FBF00D3DBAB /* WeatherCell.swift */; };
		414EF9D61EEB4B2200D3DBAB /* Location.swift in Sources */ = {isa = PBXBuildFile; fileRef = 414EF9D51EEB4B2200D3DBAB /* Location.swift */; };
		41850D761EE88DFB001B7433 /* Constants.swift in Sources */ = {isa = PBXBuildFile; fileRef = 41850D751EE88DFB001B7433 /* Constants.swift */; };
		41850D781EE89025001B7433 /* CurrentWeather.swift in Sources */ = {isa = PBXBuildFile; fileRef = 41850D771EE89025001B7433 /* CurrentWeather.swift */; };
		41E5123C1EE87301009955D3 /* AppDelegate.swift in Sources */ = {isa = PBXBuildFile; fileRef = 41E5123B1EE87301009955D3 /* AppDelegate.swift */; };
		41E5123E1EE87301009955D3 /* WeatherHome.swift in Sources */ = {isa = PBXBuildFile; fileRef = 41E5123D1EE87301009955D3 /* WeatherHome.swift */; };
		41E512411EE87301009955D3 /* Main.storyboard in Resources */ = {isa = PBXBuildFile; fileRef = 41E5123F1EE87301009955D3 /* Main.storyboard */; };
		41E512431EE87301009955D3 /* Assets.xcassets in Resources */ = {isa = PBXBuildFile; fileRef = 41E512421EE87301009955D3 /* Assets.xcassets */; };
		41E512461EE87301009955D3 /* LaunchScreen.storyboard in Resources */ = {isa = PBXBuildFile; fileRef = 41E512441EE87301009955D3 /* LaunchScreen.storyboard */; };
		41E512511EE87301009955D3 /* Weather_TodayTests.swift in Sources */ = {isa = PBXBuildFile; fileRef = 41E512501EE87301009955D3 /* Weather_TodayTests.swift */; };
		41E5125C1EE87301009955D3 /* Weather_TodayUITests.swift in Sources */ = {isa = PBXBuildFile; fileRef = 41E5125B1EE87301009955D3 /* Weather_TodayUITests.swift */; };
		8EB14203987F257F957B3052 /* Pods_Weather_Today.framework in Frameworks */ = {isa = PBXBuildFile; fileRef = F39EF5F583F7FAD17A5DBD3B /* Pods_Weather_Today.framework */; };
/* End PBXBuildFile section */

/* Begin PBXContainerItemProxy section */
		41E5124D1EE87301009955D3 /* PBXContainerItemProxy */ = {
			isa = PBXContainerItemProxy;
			containerPortal = 41E512301EE87301009955D3 /* Project object */;
			proxyType = 1;
			remoteGlobalIDString = 41E512371EE87301009955D3;
			remoteInfo = "Weather Today";
		};
		41E512581EE87301009955D3 /* PBXContainerItemProxy */ = {
			isa = PBXContainerItemProxy;
			containerPortal = 41E512301EE87301009955D3 /* Project object */;
			proxyType = 1;
			remoteGlobalIDString = 41E512371EE87301009955D3;
			remoteInfo = "Weather Today";
		};
/* End PBXContainerItemProxy section */

/* Begin PBXFileReference section */
		414EF9D11EEB303F00D3DBAB /* Forecast.swift */ = {isa = PBXFileReference; fileEncoding = 4; lastKnownFileType = sourcecode.swift; path = Forecast.swift; sourceTree = "<group>"; };
		414EF9D31EEB3FBF00D3DBAB /* WeatherCell.swift */ = {isa = PBXFileReference; fileEncoding = 4; lastKnownFileType = sourcecode.swift; path = WeatherCell.swift; sourceTree = "<group>"; };
		414EF9D51EEB4B2200D3DBAB /* Location.swift */ = {isa = PBXFileReference; fileEncoding = 4; lastKnownFileType = sourcecode.swift; path = Location.swift; sourceTree = "<group>"; };
		41850D751EE88DFB001B7433 /* Constants.swift */ = {isa = PBXFileReference; fileEncoding = 4; lastKnownFileType = sourcecode.swift; path = Constants.swift; sourceTree = "<group>"; };
		41850D771EE89025001B7433 /* CurrentWeather.swift */ = {isa = PBXFileReference; fileEncoding = 4; lastKnownFileType = sourcecode.swift; path = CurrentWeather.swift; sourceTree = "<group>"; };
		41E512381EE87301009955D3 /* Weather Today.app */ = {isa = PBXFileReference; explicitFileType = wrapper.application; includeInIndex = 0; path = "Weather Today.app"; sourceTree = BUILT_PRODUCTS_DIR; };
		41E5123B1EE87301009955D3 /* AppDelegate.swift */ = {isa = PBXFileReference; lastKnownFileType = sourcecode.swift; path = AppDelegate.swift; sourceTree = "<group>"; };
		41E5123D1EE87301009955D3 /* WeatherHome.swift */ = {isa = PBXFileReference; lastKnownFileType = sourcecode.swift; path = WeatherHome.swift; sourceTree = "<group>"; };
		41E512401EE87301009955D3 /* Base */ = {isa = PBXFileReference; lastKnownFileType = file.storyboard; name = Base; path = Base.lproj/Main.storyboard; sourceTree = "<group>"; };
		41E512421EE87301009955D3 /* Assets.xcassets */ = {isa = PBXFileReference; lastKnownFileType = folder.assetcatalog; path = Assets.xcassets; sourceTree = "<group>"; };
		41E512451EE87301009955D3 /* Base */ = {isa = PBXFileReference; lastKnownFileType = file.storyboard; name = Base; path = Base.lproj/LaunchScreen.storyboard; sourceTree = "<group>"; };
		41E512471EE87301009955D3 /* Info.plist */ = {isa = PBXFileReference; lastKnownFileType = text.plist.xml; path = Info.plist; sourceTree = "<group>"; };
		41E5124C1EE87301009955D3 /* Weather TodayTests.xctest */ = {isa = PBXFileReference; explicitFileType = wrapper.cfbundle; includeInIndex = 0; path = "Weather TodayTests.xctest"; sourceTree = BUILT_PRODUCTS_DIR; };
		41E512501EE87301009955D3 /* Weather_TodayTests.swift */ = {isa = PBXFileReference; lastKnownFileType = sourcecode.swift; path = Weather_TodayTests.swift; sourceTree = "<group>"; };
		41E512521EE87301009955D3 /* Info.plist */ = {isa = PBXFileReference; lastKnownFileType = text.plist.xml; path = Info.plist; sourceTree = "<group>"; };
		41E512571EE87301009955D3 /* Weather TodayUITests.xctest */ = {isa = PBXFileReference; explicitFileType = wrapper.cfbundle; includeInIndex = 0; path = "Weather TodayUITests.xctest"; sourceTree = BUILT_PRODUCTS_DIR; };
		41E5125B1EE87301009955D3 /* Weather_TodayUITests.swift */ = {isa = PBXFileReference; lastKnownFileType = sourcecode.swift; path = Weather_TodayUITests.swift; sourceTree = "<group>"; };
		41E5125D1EE87301009955D3 /* Info.plist */ = {isa = PBXFileReference; lastKnownFileType = text.plist.xml; path = Info.plist; sourceTree = "<group>"; };
		8986507F1B859D2CA420BFAB /* Pods-Weather Today.debug.xcconfig */ = {isa = PBXFileReference; includeInIndex = 1; lastKnownFileType = text.xcconfig; name = "Pods-Weather Today.debug.xcconfig"; path = "Pods/Target Support Files/Pods-Weather Today/Pods-Weather Today.debug.xcconfig"; sourceTree = "<group>"; };
		AA6292C5C7EFABF68B218B1B /* Pods-Weather Today.release.xcconfig */ = {isa = PBXFileReference; includeInIndex = 1; lastKnownFileType = text.xcconfig; name = "Pods-Weather Today.release.xcconfig"; path = "Pods/Target Support Files/Pods-Weather Today/Pods-Weather Today.release.xcconfig"; sourceTree = "<group>"; };
		F39EF5F583F7FAD17A5DBD3B /* Pods_Weather_Today.framework */ = {isa = PBXFileReference; explicitFileType = wrapper.framework; includeInIndex = 0; path = Pods_Weather_Today.framework; sourceTree = BUILT_PRODUCTS_DIR; };
/* End PBXFileReference section */

/* Begin PBXFrameworksBuildPhase section */
		41E512351EE87301009955D3 /* Frameworks */ = {
			isa = PBXFrameworksBuildPhase;
			buildActionMask = 2147483647;
			files = (
				8EB14203987F257F957B3052 /* Pods_Weather_Today.framework in Frameworks */,
			);
			runOnlyForDeploymentPostprocessing = 0;
		};
		41E512491EE87301009955D3 /* Frameworks */ = {
			isa = PBXFrameworksBuildPhase;
			buildActionMask = 2147483647;
			files = (
			);
			runOnlyForDeploymentPostprocessing = 0;
		};
		41E512541EE87301009955D3 /* Frameworks */ = {
			isa = PBXFrameworksBuildPhase;
			buildActionMask = 2147483647;
			files = (
			);
			runOnlyForDeploymentPostprocessing = 0;
		};
/* End PBXFrameworksBuildPhase section */

/* Begin PBXGroup section */
		1F8FC5FFB7D83D0CFE1BC294 /* Pods */ = {
			isa = PBXGroup;
			children = (
				8986507F1B859D2CA420BFAB /* Pods-Weather Today.debug.xcconfig */,
				AA6292C5C7EFABF68B218B1B /* Pods-Weather Today.release.xcconfig */,
			);
			name = Pods;
			sourceTree = "<group>";
		};
		41E5122F1EE87301009955D3 = {
			isa = PBXGroup;
			children = (
				41E5123A1EE87301009955D3 /* Weather Today */,
				41E5124F1EE87301009955D3 /* Weather TodayTests */,
				41E5125A1EE87301009955D3 /* Weather TodayUITests */,
				41E512391EE87301009955D3 /* Products */,
				1F8FC5FFB7D83D0CFE1BC294 /* Pods */,
				A7ECE1B168EE0824C485A95A /* Frameworks */,
			);
			sourceTree = "<group>";
		};
		41E512391EE87301009955D3 /* Products */ = {
			isa = PBXGroup;
			children = (
				41E512381EE87301009955D3 /* Weather Today.app */,
				41E5124C1EE87301009955D3 /* Weather TodayTests.xctest */,
				41E512571EE87301009955D3 /* Weather TodayUITests.xctest */,
			);
			name = Products;
			sourceTree = "<group>";
		};
		41E5123A1EE87301009955D3 /* Weather Today */ = {
			isa = PBXGroup;
			children = (
				41E5123B1EE87301009955D3 /* AppDelegate.swift */,
				41E5123D1EE87301009955D3 /* WeatherHome.swift */,
				41E5123F1EE87301009955D3 /* Main.storyboard */,
				41E512421EE87301009955D3 /* Assets.xcassets */,
				41E512441EE87301009955D3 /* LaunchScreen.storyboard */,
				41E512471EE87301009955D3 /* Info.plist */,
				41850D751EE88DFB001B7433 /* Constants.swift */,
				41850D771EE89025001B7433 /* CurrentWeather.swift */,
				414EF9D11EEB303F00D3DBAB /* Forecast.swift */,
				414EF9D31EEB3FBF00D3DBAB /* WeatherCell.swift */,
				414EF9D51EEB4B2200D3DBAB /* Location.swift */,
			);
			path = "Weather Today";
			sourceTree = "<group>";
		};
		41E5124F1EE87301009955D3 /* Weather TodayTests */ = {
			isa = PBXGroup;
			children = (
				41E512501EE87301009955D3 /* Weather_TodayTests.swift */,
				41E512521EE87301009955D3 /* Info.plist */,
			);
			path = "Weather TodayTests";
			sourceTree = "<group>";
		};
		41E5125A1EE87301009955D3 /* Weather TodayUITests */ = {
			isa = PBXGroup;
			children = (
				41E5125B1EE87301009955D3 /* Weather_TodayUITests.swift */,
				41E5125D1EE87301009955D3 /* Info.plist */,
			);
			path = "Weather TodayUITests";
			sourceTree = "<group>";
		};
		A7ECE1B168EE0824C485A95A /* Frameworks */ = {
			isa = PBXGroup;
			children = (
				F39EF5F583F7FAD17A5DBD3B /* Pods_Weather_Today.framework */,
			);
			name = Frameworks;
			sourceTree = "<group>";
		};
/* End PBXGroup section */

/* Begin PBXNativeTarget section */
		41E512371EE87301009955D3 /* Weather Today */ = {
			isa = PBXNativeTarget;
			buildConfigurationList = 41E512601EE87301009955D3 /* Build configuration list for PBXNativeTarget "Weather Today" */;
			buildPhases = (
				97557C900B4FF07F7A28F042 /* [CP] Check Pods Manifest.lock */,
				41E512341EE87301009955D3 /* Sources */,
				41E512351EE87301009955D3 /* Frameworks */,
				41E512361EE87301009955D3 /* Resources */,
				AFCE0CE6AB90F52B2B0114DD /* [CP] Embed Pods Frameworks */,
				47A119E71DC5DEB7CA35AD3C /* [CP] Copy Pods Resources */,
			);
			buildRules = (
			);
			dependencies = (
			);
			name = "Weather Today";
			productName = "Weather Today";
			productReference = 41E512381EE87301009955D3 /* Weather Today.app */;
			productType = "com.apple.product-type.application";
		};
		41E5124B1EE87301009955D3 /* Weather TodayTests */ = {
			isa = PBXNativeTarget;
			buildConfigurationList = 41E512631EE87301009955D3 /* Build configuration list for PBXNativeTarget "Weather TodayTests" */;
			buildPhases = (
				41E512481EE87301009955D3 /* Sources */,
				41E512491EE87301009955D3 /* Frameworks */,
				41E5124A1EE87301009955D3 /* Resources */,
			);
			buildRules = (
			);
			dependencies = (
				41E5124E1EE87301009955D3 /* PBXTargetDependency */,
			);
			name = "Weather TodayTests";
			productName = "Weather TodayTests";
			productReference = 41E5124C1EE87301009955D3 /* Weather TodayTests.xctest */;
			productType = "com.apple.product-type.bundle.unit-test";
		};
		41E512561EE87301009955D3 /* Weather TodayUITests */ = {
			isa = PBXNativeTarget;
			buildConfigurationList = 41E512661EE87301009955D3 /* Build configuration list for PBXNativeTarget "Weather TodayUITests" */;
			buildPhases = (
				41E512531EE87301009955D3 /* Sources */,
				41E512541EE87301009955D3 /* Frameworks */,
				41E512551EE87301009955D3 /* Resources */,
			);
			buildRules = (
			);
			dependencies = (
				41E512591EE87301009955D3 /* PBXTargetDependency */,
			);
			name = "Weather TodayUITests";
			productName = "Weather TodayUITests";
			productReference = 41E512571EE87301009955D3 /* Weather TodayUITests.xctest */;
			productType = "com.apple.product-type.bundle.ui-testing";
		};
/* End PBXNativeTarget section */

/* Begin PBXProject section */
		41E512301EE87301009955D3 /* Project object */ = {
			isa = PBXProject;
			attributes = {
				LastSwiftUpdateCheck = 0830;
				LastUpgradeCheck = 0830;
				ORGANIZATIONNAME = "Ali Ali";
				TargetAttributes = {
					41E512371EE87301009955D3 = {
						CreatedOnToolsVersion = 8.3.2;
						DevelopmentTeam = 255HXJ7X4Z;
						ProvisioningStyle = Automatic;
					};
					41E5124B1EE87301009955D3 = {
						CreatedOnToolsVersion = 8.3.2;
						ProvisioningStyle = Automatic;
						TestTargetID = 41E512371EE87301009955D3;
					};
					41E512561EE87301009955D3 = {
						CreatedOnToolsVersion = 8.3.2;
						ProvisioningStyle = Automatic;
						TestTargetID = 41E512371EE87301009955D3;
					};
				};
			};
			buildConfigurationList = 41E512331EE87301009955D3 /* Build configuration list for PBXProject "Weather Today" */;
			compatibilityVersion = "Xcode 3.2";
			developmentRegion = English;
			hasScannedForEncodings = 0;
			knownRegions = (
				en,
				Base,
			);
			mainGroup = 41E5122F1EE87301009955D3;
			productRefGroup = 41E512391EE87301009955D3 /* Products */;
			projectDirPath = "";
			projectRoot = "";
			targets = (
				41E512371EE87301009955D3 /* Weather Today */,
				41E5124B1EE87301009955D3 /* Weather TodayTests */,
				41E512561EE87301009955D3 /* Weather TodayUITests */,
			);
		};
/* End PBXProject section */

/* Begin PBXResourcesBuildPhase section */
		41E512361EE87301009955D3 /* Resources */ = {
			isa = PBXResourcesBuildPhase;
			buildActionMask = 2147483647;
			files = (
				41E512461EE87301009955D3 /* LaunchScreen.storyboard in Resources */,
				41E512431EE87301009955D3 /* Assets.xcassets in Resources */,
				41E512411EE87301009955D3 /* Main.storyboard in Resources */,
			);
			runOnlyForDeploymentPostprocessing = 0;
		};
		41E5124A1EE87301009955D3 /* Resources */ = {
			isa = PBXResourcesBuildPhase;
			buildActionMask = 2147483647;
			files = (
			);
			runOnlyForDeploymentPostprocessing = 0;
		};
		41E512551EE87301009955D3 /* Resources */ = {
			isa = PBXResourcesBuildPhase;
			buildActionMask = 2147483647;
			files = (
			);
			runOnlyForDeploymentPostprocessing = 0;
		};
/* End PBXResourcesBuildPhase section */

/* Begin PBXShellScriptBuildPhase section */
		47A119E71DC5DEB7CA35AD3C /* [CP] Copy Pods Resources */ = {
			isa = PBXShellScriptBuildPhase;
			buildActionMask = 2147483647;
			files = (
			);
			inputPaths = (
			);
			name = "[CP] Copy Pods Resources";
			outputPaths = (
			);
			runOnlyForDeploymentPostprocessing = 0;
			shellPath = /bin/sh;
			shellScript = "\"${SRCROOT}/Pods/Target Support Files/Pods-Weather Today/Pods-Weather Today-resources.sh\"\n";
			showEnvVarsInLog = 0;
		};
		97557C900B4FF07F7A28F042 /* [CP] Check Pods Manifest.lock */ = {
			isa = PBXShellScriptBuildPhase;
			buildActionMask = 2147483647;
			files = (
			);
			inputPaths = (
			);
			name = "[CP] Check Pods Manifest.lock";
			outputPaths = (
			);
			runOnlyForDeploymentPostprocessing = 0;
			shellPath = /bin/sh;
			shellScript = "diff \"${PODS_PODFILE_DIR_PATH}/Podfile.lock\" \"${PODS_ROOT}/Manifest.lock\" > /dev/null\nif [ $? != 0 ] ; then\n    # print error to STDERR\n    echo \"error: The sandbox is not in sync with the Podfile.lock. Run 'pod install' or update your CocoaPods installation.\" >&2\n    exit 1\nfi\n";
			showEnvVarsInLog = 0;
		};
		AFCE0CE6AB90F52B2B0114DD /* [CP] Embed Pods Frameworks */ = {
			isa = PBXShellScriptBuildPhase;
			buildActionMask = 2147483647;
			files = (
			);
			inputPaths = (
			);
			name = "[CP] Embed Pods Frameworks";
			outputPaths = (
			);
			runOnlyForDeploymentPostprocessing = 0;
			shellPath = /bin/sh;
			shellScript = "\"${SRCROOT}/Pods/Target Support Files/Pods-Weather Today/Pods-Weather Today-frameworks.sh\"\n";
			showEnvVarsInLog = 0;
		};
/* End PBXShellScriptBuildPhase section */

/* Begin PBXSourcesBuildPhase section */
		41E512341EE87301009955D3 /* Sources */ = {
			isa = PBXSourcesBuildPhase;
			buildActionMask = 2147483647;
			files = (
				41E5123E1EE87301009955D3 /* WeatherHome.swift in Sources */,
				41E5123C1EE87301009955D3 /* AppDelegate.swift in Sources */,
				414EF9D41EEB3FBF00D3DBAB /* WeatherCell.swift in Sources */,
				41850D781EE89025001B7433 /* CurrentWeather.swift in Sources */,
				41850D761EE88DFB001B7433 /* Constants.swift in Sources */,
				414EF9D21EEB303F00D3DBAB /* Forecast.swift in Sources */,
				414EF9D61EEB4B2200D3DBAB /* Location.swift in Sources */,
			);
			runOnlyForDeploymentPostprocessing = 0;
		};
		41E512481EE87301009955D3 /* Sources */ = {
			isa = PBXSourcesBuildPhase;
			buildActionMask = 2147483647;
			files = (
				41E512511EE87301009955D3 /* Weather_TodayTests.swift in Sources */,
			);
			runOnlyForDeploymentPostprocessing = 0;
		};
		41E512531EE87301009955D3 /* Sources */ = {
			isa = PBXSourcesBuildPhase;
			buildActionMask = 2147483647;
			files = (
				41E5125C1EE87301009955D3 /* Weather_TodayUITests.swift in Sources */,
			);
			runOnlyForDeploymentPostprocessing = 0;
		};
/* End PBXSourcesBuildPhase section */

/* Begin PBXTargetDependency section */
		41E5124E1EE87301009955D3 /* PBXTargetDependency */ = {
			isa = PBXTargetDependency;
			target = 41E512371EE87301009955D3 /* Weather Today */;
			targetProxy = 41E5124D1EE87301009955D3 /* PBXContainerItemProxy */;
		};
		41E512591EE87301009955D3 /* PBXTargetDependency */ = {
			isa = PBXTargetDependency;
			target = 41E512371EE87301009955D3 /* Weather Today */;
			targetProxy = 41E512581EE87301009955D3 /* PBXContainerItemProxy */;
		};
/* End PBXTargetDependency section */

/* Begin PBXVariantGroup section */
		41E5123F1EE87301009955D3 /* Main.storyboard */ = {
			isa = PBXVariantGroup;
			children = (
				41E512401EE87301009955D3 /* Base */,
			);
			name = Main.storyboard;
			sourceTree = "<group>";
		};
		41E512441EE87301009955D3 /* LaunchScreen.storyboard */ = {
			isa = PBXVariantGroup;
			children = (
				41E512451EE87301009955D3 /* Base */,
			);
			name = LaunchScreen.storyboard;
			sourceTree = "<group>";
		};
/* End PBXVariantGroup section */

/* Begin XCBuildConfiguration section */
		41E5125E1EE87301009955D3 /* Debug */ = {
			isa = XCBuildConfiguration;
			buildSettings = {
				ALWAYS_SEARCH_USER_PATHS = NO;
				CLANG_ANALYZER_NONNULL = YES;
				CLANG_ANALYZER_NUMBER_OBJECT_CONVERSION = YES_AGGRESSIVE;
				CLANG_CXX_LANGUAGE_STANDARD = "gnu++0x";
				CLANG_CXX_LIBRARY = "libc++";
				CLANG_ENABLE_MODULES = YES;
				CLANG_ENABLE_OBJC_ARC = YES;
				CLANG_WARN_BOOL_CONVERSION = YES;
				CLANG_WARN_CONSTANT_CONVERSION = YES;
				CLANG_WARN_DIRECT_OBJC_ISA_USAGE = YES_ERROR;
				CLANG_WARN_DOCUMENTATION_COMMENTS = YES;
				CLANG_WARN_EMPTY_BODY = YES;
				CLANG_WARN_ENUM_CONVERSION = YES;
				CLANG_WARN_INFINITE_RECURSION = YES;
				CLANG_WARN_INT_CONVERSION = YES;
				CLANG_WARN_OBJC_ROOT_CLASS = YES_ERROR;
				CLANG_WARN_SUSPICIOUS_MOVE = YES;
				CLANG_WARN_UNREACHABLE_CODE = YES;
				CLANG_WARN__DUPLICATE_METHOD_MATCH = YES;
				"CODE_SIGN_IDENTITY[sdk=iphoneos*]" = "iPhone Developer";
				COPY_PHASE_STRIP = NO;
				DEBUG_INFORMATION_FORMAT = dwarf;
				ENABLE_STRICT_OBJC_MSGSEND = YES;
				ENABLE_TESTABILITY = YES;
				GCC_C_LANGUAGE_STANDARD = gnu99;
				GCC_DYNAMIC_NO_PIC = NO;
				GCC_NO_COMMON_BLOCKS = YES;
				GCC_OPTIMIZATION_LEVEL = 0;
				GCC_PREPROCESSOR_DEFINITIONS = (
					"DEBUG=1",
					"$(inherited)",
				);
				GCC_WARN_64_TO_32_BIT_CONVERSION = YES;
				GCC_WARN_ABOUT_RETURN_TYPE = YES_ERROR;
				GCC_WARN_UNDECLARED_SELECTOR = YES;
				GCC_WARN_UNINITIALIZED_AUTOS = YES_AGGRESSIVE;
				GCC_WARN_UNUSED_FUNCTION = YES;
				GCC_WARN_UNUSED_VARIABLE = YES;
				IPHONEOS_DEPLOYMENT_TARGET = 10.3;
				MTL_ENABLE_DEBUG_INFO = YES;
				ONLY_ACTIVE_ARCH = YES;
				SDKROOT = iphoneos;
				SWIFT_ACTIVE_COMPILATION_CONDITIONS = DEBUG;
				SWIFT_OPTIMIZATION_LEVEL = "-Onone";
				TARGETED_DEVICE_FAMILY = "1,2";
			};
			name = Debug;
		};
		41E5125F1EE87301009955D3 /* Release */ = {
			isa = XCBuildConfiguration;
			buildSettings = {
				ALWAYS_SEARCH_USER_PATHS = NO;
				CLANG_ANALYZER_NONNULL = YES;
				CLANG_ANALYZER_NUMBER_OBJECT_CONVERSION = YES_AGGRESSIVE;
				CLANG_CXX_LANGUAGE_STANDARD = "gnu++0x";
				CLANG_CXX_LIBRARY = "libc++";
				CLANG_ENABLE_MODULES = YES;
				CLANG_ENABLE_OBJC_ARC = YES;
				CLANG_WARN_BOOL_CONVERSION = YES;
				CLANG_WARN_CONSTANT_CONVERSION = YES;
				CLANG_WARN_DIRECT_OBJC_ISA_USAGE = YES_ERROR;
				CLANG_WARN_DOCUMENTATION_COMMENTS = YES;
				CLANG_WARN_EMPTY_BODY = YES;
				CLANG_WARN_ENUM_CONVERSION = YES;
				CLANG_WARN_INFINITE_RECURSION = YES;
				CLANG_WARN_INT_CONVERSION = YES;
				CLANG_WARN_OBJC_ROOT_CLASS = YES_ERROR;
				CLANG_WARN_SUSPICIOUS_MOVE = YES;
				CLANG_WARN_UNREACHABLE_CODE = YES;
				CLANG_WARN__DUPLICATE_METHOD_MATCH = YES;
				"CODE_SIGN_IDENTITY[sdk=iphoneos*]" = "iPhone Developer";
				COPY_PHASE_STRIP = NO;
				DEBUG_INFORMATION_FORMAT = "dwarf-with-dsym";
				ENABLE_NS_ASSERTIONS = NO;
				ENABLE_STRICT_OBJC_MSGSEND = YES;
				GCC_C_LANGUAGE_STANDARD = gnu99;
				GCC_NO_COMMON_BLOCKS = YES;
				GCC_WARN_64_TO_32_BIT_CONVERSION = YES;
				GCC_WARN_ABOUT_RETURN_TYPE = YES_ERROR;
				GCC_WARN_UNDECLARED_SELECTOR = YES;
				GCC_WARN_UNINITIALIZED_AUTOS = YES_AGGRESSIVE;
				GCC_WARN_UNUSED_FUNCTION = YES;
				GCC_WARN_UNUSED_VARIABLE = YES;
				IPHONEOS_DEPLOYMENT_TARGET = 10.3;
				MTL_ENABLE_DEBUG_INFO = NO;
				SDKROOT = iphoneos;
				SWIFT_OPTIMIZATION_LEVEL = "-Owholemodule";
				TARGETED_DEVICE_FAMILY = "1,2";
				VALIDATE_PRODUCT = YES;
			};
			name = Release;
		};
		41E512611EE87301009955D3 /* Debug */ = {
			isa = XCBuildConfiguration;
			baseConfigurationReference = 8986507F1B859D2CA420BFAB /* Pods-Weather Today.debug.xcconfig */;
			buildSettings = {
				ASSETCATALOG_COMPILER_APPICON_NAME = AppIcon;
				DEVELOPMENT_TEAM = 255HXJ7X4Z;
				INFOPLIST_FILE = "Weather Today/Info.plist";
				LD_RUNPATH_SEARCH_PATHS = "$(inherited) @executable_path/Frameworks";
				PRODUCT_BUNDLE_IDENTIFIER = "RoyalFreshness.Weather-Today";
				PRODUCT_NAME = "$(TARGET_NAME)";
				SWIFT_VERSION = 3.0;
				TARGETED_DEVICE_FAMILY = 1;
			};
			name = Debug;
		};
		41E512621EE87301009955D3 /* Release */ = {
			isa = XCBuildConfiguration;
			baseConfigurationReference = AA6292C5C7EFABF68B218B1B /* Pods-Weather Today.release.xcconfig */;
			buildSettings = {
				ASSETCATALOG_COMPILER_APPICON_NAME = AppIcon;
				DEVELOPMENT_TEAM = 255HXJ7X4Z;
				INFOPLIST_FILE = "Weather Today/Info.plist";
				LD_RUNPATH_SEARCH_PATHS = "$(inherited) @executable_path/Frameworks";
				PRODUCT_BUNDLE_IDENTIFIER = "RoyalFreshness.Weather-Today";
				PRODUCT_NAME = "$(TARGET_NAME)";
				SWIFT_VERSION = 3.0;
				TARGETED_DEVICE_FAMILY = 1;
			};
			name = Release;
		};
		41E512641EE87301009955D3 /* Debug */ = {
			isa = XCBuildConfiguration;
			buildSettings = {
				ALWAYS_EMBED_SWIFT_STANDARD_LIBRARIES = YES;
				BUNDLE_LOADER = "$(TEST_HOST)";
				INFOPLIST_FILE = "Weather TodayTests/Info.plist";
				LD_RUNPATH_SEARCH_PATHS = "$(inherited) @executable_path/Frameworks @loader_path/Frameworks";
				PRODUCT_BUNDLE_IDENTIFIER = "RoyalFreshness.Weather-TodayTests";
				PRODUCT_NAME = "$(TARGET_NAME)";
				SWIFT_VERSION = 3.0;
				TEST_HOST = "$(BUILT_PRODUCTS_DIR)/Weather Today.app/Weather Today";
			};
			name = Debug;
		};
		41E512651EE87301009955D3 /* Release */ = {
			isa = XCBuildConfiguration;
			buildSettings = {
				ALWAYS_EMBED_SWIFT_STANDARD_LIBRARIES = YES;
				BUNDLE_LOADER = "$(TEST_HOST)";
				INFOPLIST_FILE = "Weather TodayTests/Info.plist";
				LD_RUNPATH_SEARCH_PATHS = "$(inherited) @executable_path/Frameworks @loader_path/Frameworks";
				PRODUCT_BUNDLE_IDENTIFIER = "RoyalFreshness.Weather-TodayTests";
				PRODUCT_NAME = "$(TARGET_NAME)";
				SWIFT_VERSION = 3.0;
				TEST_HOST = "$(BUILT_PRODUCTS_DIR)/Weather Today.app/Weather Today";
			};
			name = Release;
		};
		41E512671EE87301009955D3 /* Debug */ = {
			isa = XCBuildConfiguration;
			buildSettings = {
				ALWAYS_EMBED_SWIFT_STANDARD_LIBRARIES = YES;
				INFOPLIST_FILE = "Weather TodayUITests/Info.plist";
				LD_RUNPATH_SEARCH_PATHS = "$(inherited) @executable_path/Frameworks @loader_path/Frameworks";
				PRODUCT_BUNDLE_IDENTIFIER = "RoyalFreshness.Weather-TodayUITests";
				PRODUCT_NAME = "$(TARGET_NAME)";
				SWIFT_VERSION = 3.0;
				TEST_TARGET_NAME = "Weather Today";
			};
			name = Debug;
		};
		41E512681EE87301009955D3 /* Release */ = {
			isa = XCBuildConfiguration;
			buildSettings = {
				ALWAYS_EMBED_SWIFT_STANDARD_LIBRARIES = YES;
				INFOPLIST_FILE = "Weather TodayUITests/Info.plist";
				LD_RUNPATH_SEARCH_PATHS = "$(inherited) @executable_path/Frameworks @loader_path/Frameworks";
				PRODUCT_BUNDLE_IDENTIFIER = "RoyalFreshness.Weather-TodayUITests";
				PRODUCT_NAME = "$(TARGET_NAME)";
				SWIFT_VERSION = 3.0;
				TEST_TARGET_NAME = "Weather Today";
			};
			name = Release;
		};
/* End XCBuildConfiguration section */

/* Begin XCConfigurationList section */
		41E512331EE87301009955D3 /* Build configuration list for PBXProject "Weather Today" */ = {
			isa = XCConfigurationList;
			buildConfigurations = (
				41E5125E1EE87301009955D3 /* Debug */,
				41E5125F1EE87301009955D3 /* Release */,
			);
			defaultConfigurationIsVisible = 0;
			defaultConfigurationName = Release;
		};
		41E512601EE87301009955D3 /* Build configuration list for PBXNativeTarget "Weather Today" */ = {
			isa = XCConfigurationList;
			buildConfigurations = (
				41E512611EE87301009955D3 /* Debug */,
				41E512621EE87301009955D3 /* Release */,
			);
			defaultConfigurationIsVisible = 0;
			defaultConfigurationName = Release;
		};
		41E512631EE87301009955D3 /* Build configuration list for PBXNativeTarget "Weather TodayTests" */ = {
			isa = XCConfigurationList;
			buildConfigurations = (
				41E512641EE87301009955D3 /* Debug */,
				41E512651EE87301009955D3 /* Release */,
			);
			defaultConfigurationIsVisible = 0;
			defaultConfigurationName = Release;
		};
		41E512661EE87301009955D3 /* Build configuration list for PBXNativeTarget "Weather TodayUITests" */ = {
			isa = XCConfigurationList;
			buildConfigurations = (
				41E512671EE87301009955D3 /* Debug */,
				41E512681EE87301009955D3 /* Release */,
			);
			defaultConfigurationIsVisible = 0;
			defaultConfigurationName = Release;
		};
/* End XCConfigurationList section */
	};
	rootObject = 41E512301EE87301009955D3 /* Project object */;
}
